
Microsoft Visual Studio Solution File, Format Version 12.00
# Visual Studio Version 17
VisualStudioVersion = 17.8.34316.72
MinimumVisualStudioVersion = 10.0.40219.1
Project("{9A19103F-16F7-4668-BE54-9A1E7A4F7556}") = "ASP_Core", "ASP_Core\ASP_Core.csproj", "{C39C1BA9-16D0-49BF-BE30-AAF40368BC4F}"
EndProject
Project("{9A19103F-16F7-4668-BE54-9A1E7A4F7556}") = "Saturn_Client", "Saturn_Client\Saturn_Client.csproj", "{16356E2E-2441-4963-A690-99D15550A275}"
EndProject
Project("{2150E333-8FDC-42A3-9474-1A3956D46DE8}") = "Images", "Images", "{4EB5C732-562D-4D66-9692-F264E0A3AE57}"
	ProjectSection(SolutionItems) = preProject
		..\..\..\..\Asztali gép\Main\Egyetem\IV. félév\AFP2\cross.png = ..\..\..\..\Asztali gép\Main\Egyetem\IV. félév\AFP2\cross.png
		..\..\..\..\Asztali gép\exit.png = ..\..\..\..\Asztali gép\exit.png
		..\..\..\..\Asztali gép\Main\Egyetem\IV. félév\AFP2\saturnbeta.png = ..\..\..\..\Asztali gép\Main\Egyetem\IV. félév\AFP2\saturnbeta.png
	EndProjectSection
EndProject
Global
	GlobalSection(SolutionConfigurationPlatforms) = preSolution
		Debug|Any CPU = Debug|Any CPU
		Release|Any CPU = Release|Any CPU
	EndGlobalSection
	GlobalSection(ProjectConfigurationPlatforms) = postSolution
		{C39C1BA9-16D0-49BF-BE30-AAF40368BC4F}.Debug|Any CPU.ActiveCfg = Debug|Any CPU
		{C39C1BA9-16D0-49BF-BE30-AAF40368BC4F}.Debug|Any CPU.Build.0 = Debug|Any CPU
		{C39C1BA9-16D0-49BF-BE30-AAF40368BC4F}.Release|Any CPU.ActiveCfg = Release|Any CPU
		{C39C1BA9-16D0-49BF-BE30-AAF40368BC4F}.Release|Any CPU.Build.0 = Release|Any CPU
		{16356E2E-2441-4963-A690-99D15550A275}.Debug|Any CPU.ActiveCfg = Debug|Any CPU
		{16356E2E-2441-4963-A690-99D15550A275}.Debug|Any CPU.Build.0 = Debug|Any CPU
		{16356E2E-2441-4963-A690-99D15550A275}.Release|Any CPU.ActiveCfg = Release|Any CPU
		{16356E2E-2441-4963-A690-99D15550A275}.Release|Any CPU.Build.0 = Release|Any CPU
	EndGlobalSection
	GlobalSection(SolutionProperties) = preSolution
		HideSolutionNode = FALSE
	EndGlobalSection
	GlobalSection(ExtensibilityGlobals) = postSolution
		SolutionGuid = {83597019-B790-4135-9C23-9558BA148971}
	EndGlobalSection
EndGlobal
